{
  "version": 4,
  "terraform_version": "1.11.4",
  "serial": 11,
  "lineage": "611dd351-9bb0-3801-d993-be9dd69a5fa8",
  "outputs": {},
  "resources": [
    {
      "mode": "managed",
      "type": "aws_sns_topic",
      "name": "alarms",
      "provider": "provider[\"registry.terraform.io/hashicorp/aws\"]",
      "instances": [
        {
          "schema_version": 0,
          "attributes": {
            "application_failure_feedback_role_arn": "",
            "application_success_feedback_role_arn": "",
            "application_success_feedback_sample_rate": 0,
            "archive_policy": "",
            "arn": "arn:aws:sns:ap-south-1:658741521186:dev-alarms",
            "beginning_archive_time": "",
            "content_based_deduplication": false,
            "delivery_policy": "",
            "display_name": "",
            "fifo_topic": false,
            "firehose_failure_feedback_role_arn": "",
            "firehose_success_feedback_role_arn": "",
            "firehose_success_feedback_sample_rate": 0,
            "http_failure_feedback_role_arn": "",
            "http_success_feedback_role_arn": "",
            "http_success_feedback_sample_rate": 0,
            "id": "arn:aws:sns:ap-south-1:658741521186:dev-alarms",
            "kms_master_key_id": "",
            "lambda_failure_feedback_role_arn": "",
            "lambda_success_feedback_role_arn": "",
            "lambda_success_feedback_sample_rate": 0,
            "name": "dev-alarms",
            "name_prefix": "",
            "owner": "658741521186",
            "policy": "{\"Id\":\"__default_policy_ID\",\"Statement\":[{\"Action\":[\"SNS:GetTopicAttributes\",\"SNS:SetTopicAttributes\",\"SNS:AddPermission\",\"SNS:RemovePermission\",\"SNS:DeleteTopic\",\"SNS:Subscribe\",\"SNS:ListSubscriptionsByTopic\",\"SNS:Publish\"],\"Condition\":{\"StringEquals\":{\"AWS:SourceOwner\":\"658741521186\"}},\"Effect\":\"Allow\",\"Principal\":{\"AWS\":\"*\"},\"Resource\":\"arn:aws:sns:ap-south-1:658741521186:dev-alarms\",\"Sid\":\"__default_statement_ID\"}],\"Version\":\"2008-10-17\"}",
            "signature_version": 0,
            "sqs_failure_feedback_role_arn": "",
            "sqs_success_feedback_role_arn": "",
            "sqs_success_feedback_sample_rate": 0,
            "tags": null,
            "tags_all": {},
            "tracing_config": ""
          },
          "sensitive_attributes": [],
          "private": "bnVsbA=="
        }
      ]
    },
    {
      "module": "module.BackendServer",
      "mode": "managed",
      "type": "aws_instance",
      "name": "terraform-ec2",
      "provider": "module.BackendServer.provider[\"registry.terraform.io/hashicorp/aws\"]",
      "instances": [
        {
          "index_key": 0,
          "schema_version": 1,
          "attributes": {
            "ami": "ami-0af9569868786b23a",
            "arn": "arn:aws:ec2:ap-south-1:658741521186:instance/i-0c574444e7b3e7d63",
            "associate_public_ip_address": true,
            "availability_zone": "ap-south-1b",
            "capacity_reservation_specification": [
              {
                "capacity_reservation_preference": "open",
                "capacity_reservation_target": []
              }
            ],
            "cpu_core_count": 1,
            "cpu_options": [
              {
                "amd_sev_snp": "",
                "core_count": 1,
                "threads_per_core": 1
              }
            ],
            "cpu_threads_per_core": 1,
            "credit_specification": [
              {
                "cpu_credits": "standard"
              }
            ],
            "disable_api_stop": false,
            "disable_api_termination": false,
            "ebs_block_device": [],
            "ebs_optimized": false,
            "enable_primary_ipv6": null,
            "enclave_options": [
              {
                "enabled": false
              }
            ],
            "ephemeral_block_device": [],
            "get_password_data": false,
            "hibernation": false,
            "host_id": "",
            "host_resource_group_arn": null,
            "iam_instance_profile": "",
            "id": "i-0c574444e7b3e7d63",
            "instance_initiated_shutdown_behavior": "stop",
            "instance_lifecycle": "",
            "instance_market_options": [],
            "instance_state": "running",
            "instance_type": "t2.micro",
            "ipv6_address_count": 0,
            "ipv6_addresses": [],
            "key_name": "ansible-test",
            "launch_template": [],
            "maintenance_options": [
              {
                "auto_recovery": "default"
              }
            ],
            "metadata_options": [
              {
                "http_endpoint": "enabled",
                "http_protocol_ipv6": "disabled",
                "http_put_response_hop_limit": 2,
                "http_tokens": "required",
                "instance_metadata_tags": "disabled"
              }
            ],
            "monitoring": false,
            "network_interface": [],
            "outpost_arn": "",
            "password_data": "",
            "placement_group": "",
            "placement_partition_number": 0,
            "primary_network_interface_id": "eni-0784c50f43ebb2424",
            "private_dns": "ip-172-31-2-253.ap-south-1.compute.internal",
            "private_dns_name_options": [
              {
                "enable_resource_name_dns_a_record": false,
                "enable_resource_name_dns_aaaa_record": false,
                "hostname_type": "ip-name"
              }
            ],
            "private_ip": "172.31.2.253",
            "public_dns": "ec2-15-207-21-247.ap-south-1.compute.amazonaws.com",
            "public_ip": "15.207.21.247",
            "root_block_device": [
              {
                "delete_on_termination": true,
                "device_name": "/dev/xvda",
                "encrypted": false,
                "iops": 3000,
                "kms_key_id": "",
                "tags": {},
                "tags_all": {},
                "throughput": 125,
                "volume_id": "vol-01c9549cbec38649d",
                "volume_size": 8,
                "volume_type": "gp3"
              }
            ],
            "secondary_private_ips": [],
            "security_groups": [
              "default"
            ],
            "source_dest_check": true,
            "spot_instance_request_id": "",
            "subnet_id": "subnet-06768d8197d5c6de7",
            "tags": {
              "Name": "BackendServer-Prod instance"
            },
            "tags_all": {
              "Name": "BackendServer-Prod instance"
            },
            "tenancy": "default",
            "timeouts": null,
            "user_data": null,
            "user_data_base64": null,
            "user_data_replace_on_change": false,
            "volume_tags": null,
            "vpc_security_group_ids": [
              "sg-02369bc944d2fd223"
            ]
          },
          "sensitive_attributes": [],
          "private": "eyJlMmJmYjczMC1lY2FhLTExZTYtOGY4OC0zNDM2M2JjN2M0YzAiOnsiY3JlYXRlIjo2MDAwMDAwMDAwMDAsImRlbGV0ZSI6MTIwMDAwMDAwMDAwMCwicmVhZCI6OTAwMDAwMDAwMDAwLCJ1cGRhdGUiOjYwMDAwMDAwMDAwMH0sInNjaGVtYV92ZXJzaW9uIjoiMSJ9"
        },
        {
          "index_key": 1,
          "schema_version": 1,
          "attributes": {
            "ami": "ami-0af9569868786b23a",
            "arn": "arn:aws:ec2:ap-south-1:658741521186:instance/i-05e07e1012d4dffaf",
            "associate_public_ip_address": true,
            "availability_zone": "ap-south-1b",
            "capacity_reservation_specification": [
              {
                "capacity_reservation_preference": "open",
                "capacity_reservation_target": []
              }
            ],
            "cpu_core_count": 1,
            "cpu_options": [
              {
                "amd_sev_snp": "",
                "core_count": 1,
                "threads_per_core": 1
              }
            ],
            "cpu_threads_per_core": 1,
            "credit_specification": [
              {
                "cpu_credits": "standard"
              }
            ],
            "disable_api_stop": false,
            "disable_api_termination": false,
            "ebs_block_device": [],
            "ebs_optimized": false,
            "enable_primary_ipv6": null,
            "enclave_options": [
              {
                "enabled": false
              }
            ],
            "ephemeral_block_device": [],
            "get_password_data": false,
            "hibernation": false,
            "host_id": "",
            "host_resource_group_arn": null,
            "iam_instance_profile": "",
            "id": "i-05e07e1012d4dffaf",
            "instance_initiated_shutdown_behavior": "stop",
            "instance_lifecycle": "",
            "instance_market_options": [],
            "instance_state": "running",
            "instance_type": "t2.micro",
            "ipv6_address_count": 0,
            "ipv6_addresses": [],
            "key_name": "ansible-test",
            "launch_template": [],
            "maintenance_options": [
              {
                "auto_recovery": "default"
              }
            ],
            "metadata_options": [
              {
                "http_endpoint": "enabled",
                "http_protocol_ipv6": "disabled",
                "http_put_response_hop_limit": 2,
                "http_tokens": "required",
                "instance_metadata_tags": "disabled"
              }
            ],
            "monitoring": false,
            "network_interface": [],
            "outpost_arn": "",
            "password_data": "",
            "placement_group": "",
            "placement_partition_number": 0,
            "primary_network_interface_id": "eni-02cfdb122e00aba7a",
            "private_dns": "ip-172-31-14-21.ap-south-1.compute.internal",
            "private_dns_name_options": [
              {
                "enable_resource_name_dns_a_record": false,
                "enable_resource_name_dns_aaaa_record": false,
                "hostname_type": "ip-name"
              }
            ],
            "private_ip": "172.31.14.21",
            "public_dns": "ec2-13-233-144-84.ap-south-1.compute.amazonaws.com",
            "public_ip": "13.233.144.84",
            "root_block_device": [
              {
                "delete_on_termination": true,
                "device_name": "/dev/xvda",
                "encrypted": false,
                "iops": 3000,
                "kms_key_id": "",
                "tags": {},
                "tags_all": {},
                "throughput": 125,
                "volume_id": "vol-0f4b49701c567631c",
                "volume_size": 8,
                "volume_type": "gp3"
              }
            ],
            "secondary_private_ips": [],
            "security_groups": [
              "default"
            ],
            "source_dest_check": true,
            "spot_instance_request_id": "",
            "subnet_id": "subnet-06768d8197d5c6de7",
            "tags": {
              "Name": "BackendServer-Prod instance"
            },
            "tags_all": {
              "Name": "BackendServer-Prod instance"
            },
            "tenancy": "default",
            "timeouts": null,
            "user_data": null,
            "user_data_base64": null,
            "user_data_replace_on_change": false,
            "volume_tags": null,
            "vpc_security_group_ids": [
              "sg-02369bc944d2fd223"
            ]
          },
          "sensitive_attributes": [],
          "private": "eyJlMmJmYjczMC1lY2FhLTExZTYtOGY4OC0zNDM2M2JjN2M0YzAiOnsiY3JlYXRlIjo2MDAwMDAwMDAwMDAsImRlbGV0ZSI6MTIwMDAwMDAwMDAwMCwicmVhZCI6OTAwMDAwMDAwMDAwLCJ1cGRhdGUiOjYwMDAwMDAwMDAwMH0sInNjaGVtYV92ZXJzaW9uIjoiMSJ9"
        }
      ]
    },
    {
      "module": "module.BackendServer",
      "mode": "managed",
      "type": "aws_security_group",
      "name": "example",
      "provider": "module.BackendServer.provider[\"registry.terraform.io/hashicorp/aws\"]",
      "instances": [
        {
          "schema_version": 1,
          "attributes": {
            "arn": "arn:aws:ec2:ap-south-1:658741521186:security-group/sg-003a01820623a2ae1",
            "description": "allowing traffic to instances",
            "egress": [
              {
                "cidr_blocks": [
                  "0.0.0.0/0"
                ],
                "description": "",
                "from_port": 0,
                "ipv6_cidr_blocks": [
                  "::/0"
                ],
                "prefix_list_ids": [],
                "protocol": "-1",
                "security_groups": [],
                "self": false,
                "to_port": 0
              }
            ],
            "id": "sg-003a01820623a2ae1",
            "ingress": [
              {
                "cidr_blocks": [
                  "0.0.0.0/0"
                ],
                "description": "",
                "from_port": 22,
                "ipv6_cidr_blocks": [
                  "::/0"
                ],
                "prefix_list_ids": [],
                "protocol": "tcp",
                "security_groups": [],
                "self": false,
                "to_port": 22
              },
              {
                "cidr_blocks": [
                  "0.0.0.0/0"
                ],
                "description": "",
                "from_port": 3000,
                "ipv6_cidr_blocks": [
                  "::/0"
                ],
                "prefix_list_ids": [],
                "protocol": "tcp",
                "security_groups": [],
                "self": false,
                "to_port": 3000
              },
              {
                "cidr_blocks": [
                  "0.0.0.0/0"
                ],
                "description": "",
                "from_port": 443,
                "ipv6_cidr_blocks": [
                  "::/0"
                ],
                "prefix_list_ids": [],
                "protocol": "tcp",
                "security_groups": [],
                "self": false,
                "to_port": 443
              },
              {
                "cidr_blocks": [
                  "0.0.0.0/0"
                ],
                "description": "",
                "from_port": 8000,
                "ipv6_cidr_blocks": [
                  "::/0"
                ],
                "prefix_list_ids": [],
                "protocol": "tcp",
                "security_groups": [],
                "self": false,
                "to_port": 8000
              },
              {
                "cidr_blocks": [
                  "0.0.0.0/0"
                ],
                "description": "",
                "from_port": 8080,
                "ipv6_cidr_blocks": [
                  "::/0"
                ],
                "prefix_list_ids": [],
                "protocol": "tcp",
                "security_groups": [],
                "self": false,
                "to_port": 8080
              },
              {
                "cidr_blocks": [
                  "0.0.0.0/0"
                ],
                "description": "",
                "from_port": 80,
                "ipv6_cidr_blocks": [
                  "::/0"
                ],
                "prefix_list_ids": [],
                "protocol": "tcp",
                "security_groups": [],
                "self": false,
                "to_port": 80
              }
            ],
            "name": "terraform_allow_group",
            "name_prefix": "",
            "owner_id": "658741521186",
            "revoke_rules_on_delete": false,
            "tags": {
              "Name": "Allowing the traffic via terraform config"
            },
            "tags_all": {
              "Name": "Allowing the traffic via terraform config"
            },
            "timeouts": null,
            "vpc_id": "vpc-005a5bb653287e80f"
          },
          "sensitive_attributes": [],
          "private": "eyJlMmJmYjczMC1lY2FhLTExZTYtOGY4OC0zNDM2M2JjN2M0YzAiOnsiY3JlYXRlIjo2MDAwMDAwMDAwMDAsImRlbGV0ZSI6OTAwMDAwMDAwMDAwfSwic2NoZW1hX3ZlcnNpb24iOiIxIn0="
        }
      ]
    },
    {
      "module": "module.WebServer",
      "mode": "managed",
      "type": "aws_instance",
      "name": "terraform-ec2",
      "provider": "module.WebServer.provider[\"registry.terraform.io/hashicorp/aws\"]",
      "instances": [
        {
          "index_key": 0,
          "schema_version": 1,
          "attributes": {
            "ami": "ami-0af9569868786b23a",
            "arn": "arn:aws:ec2:ap-south-1:658741521186:instance/i-03310c2fb883abc37",
            "associate_public_ip_address": true,
            "availability_zone": "ap-south-1b",
            "capacity_reservation_specification": [
              {
                "capacity_reservation_preference": "open",
                "capacity_reservation_target": []
              }
            ],
            "cpu_core_count": 1,
            "cpu_options": [
              {
                "amd_sev_snp": "",
                "core_count": 1,
                "threads_per_core": 1
              }
            ],
            "cpu_threads_per_core": 1,
            "credit_specification": [
              {
                "cpu_credits": "standard"
              }
            ],
            "disable_api_stop": false,
            "disable_api_termination": false,
            "ebs_block_device": [],
            "ebs_optimized": false,
            "enable_primary_ipv6": null,
            "enclave_options": [
              {
                "enabled": false
              }
            ],
            "ephemeral_block_device": [],
            "get_password_data": false,
            "hibernation": false,
            "host_id": "",
            "host_resource_group_arn": null,
            "iam_instance_profile": "",
            "id": "i-03310c2fb883abc37",
            "instance_initiated_shutdown_behavior": "stop",
            "instance_lifecycle": "",
            "instance_market_options": [],
            "instance_state": "running",
            "instance_type": "t2.micro",
            "ipv6_address_count": 0,
            "ipv6_addresses": [],
            "key_name": "ansible-test",
            "launch_template": [],
            "maintenance_options": [
              {
                "auto_recovery": "default"
              }
            ],
            "metadata_options": [
              {
                "http_endpoint": "enabled",
                "http_protocol_ipv6": "disabled",
                "http_put_response_hop_limit": 2,
                "http_tokens": "required",
                "instance_metadata_tags": "disabled"
              }
            ],
            "monitoring": false,
            "network_interface": [],
            "outpost_arn": "",
            "password_data": "",
            "placement_group": "",
            "placement_partition_number": 0,
            "primary_network_interface_id": "eni-088b499358a6860f7",
            "private_dns": "ip-172-31-10-159.ap-south-1.compute.internal",
            "private_dns_name_options": [
              {
                "enable_resource_name_dns_a_record": false,
                "enable_resource_name_dns_aaaa_record": false,
                "hostname_type": "ip-name"
              }
            ],
            "private_ip": "172.31.10.159",
            "public_dns": "ec2-15-207-18-89.ap-south-1.compute.amazonaws.com",
            "public_ip": "15.207.18.89",
            "root_block_device": [
              {
                "delete_on_termination": true,
                "device_name": "/dev/xvda",
                "encrypted": false,
                "iops": 3000,
                "kms_key_id": "",
                "tags": {},
                "tags_all": {},
                "throughput": 125,
                "volume_id": "vol-0932598b618d11852",
                "volume_size": 8,
                "volume_type": "gp3"
              }
            ],
            "secondary_private_ips": [],
            "security_groups": [
              "default"
            ],
            "source_dest_check": true,
            "spot_instance_request_id": "",
            "subnet_id": "subnet-06768d8197d5c6de7",
            "tags": {
              "Name": "WebServer-Prod instance"
            },
            "tags_all": {
              "Name": "WebServer-Prod instance"
            },
            "tenancy": "default",
            "timeouts": null,
            "user_data": null,
            "user_data_base64": null,
            "user_data_replace_on_change": false,
            "volume_tags": null,
            "vpc_security_group_ids": [
              "sg-02369bc944d2fd223"
            ]
          },
          "sensitive_attributes": [],
          "private": "eyJlMmJmYjczMC1lY2FhLTExZTYtOGY4OC0zNDM2M2JjN2M0YzAiOnsiY3JlYXRlIjo2MDAwMDAwMDAwMDAsImRlbGV0ZSI6MTIwMDAwMDAwMDAwMCwicmVhZCI6OTAwMDAwMDAwMDAwLCJ1cGRhdGUiOjYwMDAwMDAwMDAwMH0sInNjaGVtYV92ZXJzaW9uIjoiMSJ9"
        },
        {
          "index_key": 1,
          "schema_version": 1,
          "attributes": {
            "ami": "ami-0af9569868786b23a",
            "arn": "arn:aws:ec2:ap-south-1:658741521186:instance/i-0ba86a5184784c28d",
            "associate_public_ip_address": true,
            "availability_zone": "ap-south-1b",
            "capacity_reservation_specification": [
              {
                "capacity_reservation_preference": "open",
                "capacity_reservation_target": []
              }
            ],
            "cpu_core_count": 1,
            "cpu_options": [
              {
                "amd_sev_snp": "",
                "core_count": 1,
                "threads_per_core": 1
              }
            ],
            "cpu_threads_per_core": 1,
            "credit_specification": [
              {
                "cpu_credits": "standard"
              }
            ],
            "disable_api_stop": false,
            "disable_api_termination": false,
            "ebs_block_device": [],
            "ebs_optimized": false,
            "enable_primary_ipv6": null,
            "enclave_options": [
              {
                "enabled": false
              }
            ],
            "ephemeral_block_device": [],
            "get_password_data": false,
            "hibernation": false,
            "host_id": "",
            "host_resource_group_arn": null,
            "iam_instance_profile": "",
            "id": "i-0ba86a5184784c28d",
            "instance_initiated_shutdown_behavior": "stop",
            "instance_lifecycle": "",
            "instance_market_options": [],
            "instance_state": "running",
            "instance_type": "t2.micro",
            "ipv6_address_count": 0,
            "ipv6_addresses": [],
            "key_name": "ansible-test",
            "launch_template": [],
            "maintenance_options": [
              {
                "auto_recovery": "default"
              }
            ],
            "metadata_options": [
              {
                "http_endpoint": "enabled",
                "http_protocol_ipv6": "disabled",
                "http_put_response_hop_limit": 2,
                "http_tokens": "required",
                "instance_metadata_tags": "disabled"
              }
            ],
            "monitoring": false,
            "network_interface": [],
            "outpost_arn": "",
            "password_data": "",
            "placement_group": "",
            "placement_partition_number": 0,
            "primary_network_interface_id": "eni-0a062dfbd5319b89f",
            "private_dns": "ip-172-31-9-30.ap-south-1.compute.internal",
            "private_dns_name_options": [
              {
                "enable_resource_name_dns_a_record": false,
                "enable_resource_name_dns_aaaa_record": false,
                "hostname_type": "ip-name"
              }
            ],
            "private_ip": "172.31.9.30",
            "public_dns": "ec2-15-207-221-5.ap-south-1.compute.amazonaws.com",
            "public_ip": "15.207.221.5",
            "root_block_device": [
              {
                "delete_on_termination": true,
                "device_name": "/dev/xvda",
                "encrypted": false,
                "iops": 3000,
                "kms_key_id": "",
                "tags": {},
                "tags_all": {},
                "throughput": 125,
                "volume_id": "vol-0031a353cefff5fb7",
                "volume_size": 8,
                "volume_type": "gp3"
              }
            ],
            "secondary_private_ips": [],
            "security_groups": [
              "default"
            ],
            "source_dest_check": true,
            "spot_instance_request_id": "",
            "subnet_id": "subnet-06768d8197d5c6de7",
            "tags": {
              "Name": "WebServer-Prod instance"
            },
            "tags_all": {
              "Name": "WebServer-Prod instance"
            },
            "tenancy": "default",
            "timeouts": null,
            "user_data": null,
            "user_data_base64": null,
            "user_data_replace_on_change": false,
            "volume_tags": null,
            "vpc_security_group_ids": [
              "sg-02369bc944d2fd223"
            ]
          },
          "sensitive_attributes": [],
          "private": "eyJlMmJmYjczMC1lY2FhLTExZTYtOGY4OC0zNDM2M2JjN2M0YzAiOnsiY3JlYXRlIjo2MDAwMDAwMDAwMDAsImRlbGV0ZSI6MTIwMDAwMDAwMDAwMCwicmVhZCI6OTAwMDAwMDAwMDAwLCJ1cGRhdGUiOjYwMDAwMDAwMDAwMH0sInNjaGVtYV92ZXJzaW9uIjoiMSJ9"
        }
      ]
    }
  ],
  "check_results": null
}
